
Microsoft Visual Studio Solution File, Format Version 12.00
# Visual Studio 15
VisualStudioVersion = 15.0.28307.421
MinimumVisualStudioVersion = 10.0.40219.1
Project("{FAE04EC0-301F-11D3-BF4B-00C04F79EFBC}") = "HW66_React_3Buttons_May28", "HW66_React_3Buttons_May28\HW66_React_3Buttons_May28.csproj", "{C658E8CF-AA0C-43EB-849F-7866978AA350}"
EndProject
Global
	GlobalSection(SolutionConfigurationPlatforms) = preSolution
		Debug|Any CPU = Debug|Any CPU
		Release|Any CPU = Release|Any CPU
	EndGlobalSection
	GlobalSection(ProjectConfigurationPlatforms) = postSolution
		{C658E8CF-AA0C-43EB-849F-7866978AA350}.Debug|Any CPU.ActiveCfg = Debug|Any CPU
		{C658E8CF-AA0C-43EB-849F-7866978AA350}.Debug|Any CPU.Build.0 = Debug|Any CPU
		{C658E8CF-AA0C-43EB-849F-7866978AA350}.Release|Any CPU.ActiveCfg = Release|Any CPU
		{C658E8CF-AA0C-43EB-849F-7866978AA350}.Release|Any CPU.Build.0 = Release|Any CPU
	EndGlobalSection
	GlobalSection(SolutionProperties) = preSolution
		HideSolutionNode = FALSE
	EndGlobalSection
	GlobalSection(ExtensibilityGlobals) = postSolution
		SolutionGuid = {4039AB8C-DA11-413B-BC5F-00A9B28EA05C}
	EndGlobalSection
EndGlobal
